
Microsoft Visual Studio Solution File, Format Version 11.00
# Visual Studio 2010
Project("{FAE04EC0-301F-11D3-BF4B-00C04F79EFBC}") = "Assembly-CSharp", "Assembly-CSharp.csproj", "{0758DF12-EC06-D1D5-876E-C4C090CF06E7}"
EndProject
Project("{FAE04EC0-301F-11D3-BF4B-00C04F79EFBC}") = "Assembly-CSharp-firstpass", "Assembly-CSharp-firstpass.csproj", "{A1454C4A-273F-3C43-53D5-F67110F2253E}"
EndProject
Project("{FAE04EC0-301F-11D3-BF4B-00C04F79EFBC}") = "Assembly-CSharp-Editor-firstpass", "Assembly-CSharp-Editor-firstpass.csproj", "{78ECE45D-82E7-A0F8-0D29-BDBB6BBA20ED}"
EndProject
Global
	GlobalSection(SolutionConfigurationPlatforms) = preSolution
		Debug|Any CPU = Debug|Any CPU
		Release|Any CPU = Release|Any CPU
	EndGlobalSection
	GlobalSection(ProjectConfigurationPlatforms) = postSolution
		{0758DF12-EC06-D1D5-876E-C4C090CF06E7}.Debug|Any CPU.ActiveCfg = Debug|Any CPU
		{0758DF12-EC06-D1D5-876E-C4C090CF06E7}.Debug|Any CPU.Build.0 = Debug|Any CPU
		{0758DF12-EC06-D1D5-876E-C4C090CF06E7}.Release|Any CPU.ActiveCfg = Release|Any CPU
		{0758DF12-EC06-D1D5-876E-C4C090CF06E7}.Release|Any CPU.Build.0 = Release|Any CPU
		{A1454C4A-273F-3C43-53D5-F67110F2253E}.Debug|Any CPU.ActiveCfg = Debug|Any CPU
		{A1454C4A-273F-3C43-53D5-F67110F2253E}.Debug|Any CPU.Build.0 = Debug|Any CPU
		{A1454C4A-273F-3C43-53D5-F67110F2253E}.Release|Any CPU.ActiveCfg = Release|Any CPU
		{A1454C4A-273F-3C43-53D5-F67110F2253E}.Release|Any CPU.Build.0 = Release|Any CPU
		{78ECE45D-82E7-A0F8-0D29-BDBB6BBA20ED}.Debug|Any CPU.ActiveCfg = Debug|Any CPU
		{78ECE45D-82E7-A0F8-0D29-BDBB6BBA20ED}.Debug|Any CPU.Build.0 = Debug|Any CPU
		{78ECE45D-82E7-A0F8-0D29-BDBB6BBA20ED}.Release|Any CPU.ActiveCfg = Release|Any CPU
		{78ECE45D-82E7-A0F8-0D29-BDBB6BBA20ED}.Release|Any CPU.Build.0 = Release|Any CPU
	EndGlobalSection
	GlobalSection(SolutionProperties) = preSolution
		HideSolutionNode = FALSE
	EndGlobalSection
	GlobalSection(MonoDevelopProperties) = preSolution
		StartupItem = Assembly-CSharp.csproj
	EndGlobalSection
EndGlobal
